
Microsoft Visual Studio Solution File, Format Version 12.00
# Visual Studio 15
VisualStudioVersion = 15.0.26228.9
MinimumVisualStudioVersion = 10.0.40219.1
Project("{D954291E-2A0B-460D-934E-DC6B0785DB48}") = "__puzzle", "( puzzle\__puzzle\__puzzle.shproj", "{FE17BE78-7DDE-4BE7-BCD8-C21B87A89DAD}"
EndProject
Project("{FAE04EC0-301F-11D3-BF4B-00C04F79EFBC}") = "__puzzle.Android", "( puzzle\__puzzle.Android\__puzzle.Android.csproj", "{97093746-B8AE-44D9-8951-066763F8CB1A}"
EndProject
Project("{FAE04EC0-301F-11D3-BF4B-00C04F79EFBC}") = "__puzzle.iOS", "( puzzle\__puzzle.iOS\__puzzle.iOS.csproj", "{74C8795D-B69A-4644-8C25-6D4DFED62E32}"
EndProject
Project("{FAE04EC0-301F-11D3-BF4B-00C04F79EFBC}") = "__puzzle.UWP", "( puzzle\__puzzle.UWP\__puzzle.UWP.csproj", "{55B2CBB5-6698-4E9E-B98B-5E6FFE94DF93}"
EndProject
Global
	GlobalSection(SharedMSBuildProjectFiles) = preSolution
		( puzzle\__puzzle\__puzzle.projitems*{74c8795d-b69a-4644-8c25-6d4dfed62e32}*SharedItemsImports = 4
		( puzzle\__puzzle\__puzzle.projitems*{97093746-b8ae-44d9-8951-066763f8cb1a}*SharedItemsImports = 4
		( puzzle\__puzzle\__puzzle.projitems*{fe17be78-7dde-4be7-bcd8-c21b87a89dad}*SharedItemsImports = 13
	EndGlobalSection
	GlobalSection(SolutionConfigurationPlatforms) = preSolution
		Ad-Hoc|Any CPU = Ad-Hoc|Any CPU
		Ad-Hoc|ARM = Ad-Hoc|ARM
		Ad-Hoc|iPhone = Ad-Hoc|iPhone
		Ad-Hoc|iPhoneSimulator = Ad-Hoc|iPhoneSimulator
		Ad-Hoc|x64 = Ad-Hoc|x64
		Ad-Hoc|x86 = Ad-Hoc|x86
		AppStore|Any CPU = AppStore|Any CPU
		AppStore|ARM = AppStore|ARM
		AppStore|iPhone = AppStore|iPhone
		AppStore|iPhoneSimulator = AppStore|iPhoneSimulator
		AppStore|x64 = AppStore|x64
		AppStore|x86 = AppStore|x86
		Debug|Any CPU = Debug|Any CPU
		Debug|ARM = Debug|ARM
		Debug|iPhone = Debug|iPhone
		Debug|iPhoneSimulator = Debug|iPhoneSimulator
		Debug|x64 = Debug|x64
		Debug|x86 = Debug|x86
		Release|Any CPU = Release|Any CPU
		Release|ARM = Release|ARM
		Release|iPhone = Release|iPhone
		Release|iPhoneSimulator = Release|iPhoneSimulator
		Release|x64 = Release|x64
		Release|x86 = Release|x86
	EndGlobalSection
	GlobalSection(ProjectConfigurationPlatforms) = postSolution
		{97093746-B8AE-44D9-8951-066763F8CB1A}.Ad-Hoc|Any CPU.ActiveCfg = Release|Any CPU
		{97093746-B8AE-44D9-8951-066763F8CB1A}.Ad-Hoc|Any CPU.Build.0 = Release|Any CPU
		{97093746-B8AE-44D9-8951-066763F8CB1A}.Ad-Hoc|Any CPU.Deploy.0 = Release|Any CPU
		{97093746-B8AE-44D9-8951-066763F8CB1A}.Ad-Hoc|ARM.ActiveCfg = Release|Any CPU
		{97093746-B8AE-44D9-8951-066763F8CB1A}.Ad-Hoc|ARM.Build.0 = Release|Any CPU
		{97093746-B8AE-44D9-8951-066763F8CB1A}.Ad-Hoc|ARM.Deploy.0 = Release|Any CPU
		{97093746-B8AE-44D9-8951-066763F8CB1A}.Ad-Hoc|iPhone.ActiveCfg = Release|Any CPU
		{97093746-B8AE-44D9-8951-066763F8CB1A}.Ad-Hoc|iPhone.Build.0 = Release|Any CPU
		{97093746-B8AE-44D9-8951-066763F8CB1A}.Ad-Hoc|iPhone.Deploy.0 = Release|Any CPU
		{97093746-B8AE-44D9-8951-066763F8CB1A}.Ad-Hoc|iPhoneSimulator.ActiveCfg = Release|Any CPU
		{97093746-B8AE-44D9-8951-066763F8CB1A}.Ad-Hoc|iPhoneSimulator.Build.0 = Release|Any CPU
		{97093746-B8AE-44D9-8951-066763F8CB1A}.Ad-Hoc|iPhoneSimulator.Deploy.0 = Release|Any CPU
		{97093746-B8AE-44D9-8951-066763F8CB1A}.Ad-Hoc|x64.ActiveCfg = Release|Any CPU
		{97093746-B8AE-44D9-8951-066763F8CB1A}.Ad-Hoc|x64.Build.0 = Release|Any CPU
		{97093746-B8AE-44D9-8951-066763F8CB1A}.Ad-Hoc|x64.Deploy.0 = Release|Any CPU
		{97093746-B8AE-44D9-8951-066763F8CB1A}.Ad-Hoc|x86.ActiveCfg = Release|Any CPU
		{97093746-B8AE-44D9-8951-066763F8CB1A}.Ad-Hoc|x86.Build.0 = Release|Any CPU
		{97093746-B8AE-44D9-8951-066763F8CB1A}.Ad-Hoc|x86.Deploy.0 = Release|Any CPU
		{97093746-B8AE-44D9-8951-066763F8CB1A}.AppStore|Any CPU.ActiveCfg = Release|Any CPU
		{97093746-B8AE-44D9-8951-066763F8CB1A}.AppStore|Any CPU.Build.0 = Release|Any CPU
		{97093746-B8AE-44D9-8951-066763F8CB1A}.AppStore|Any CPU.Deploy.0 = Release|Any CPU
		{97093746-B8AE-44D9-8951-066763F8CB1A}.AppStore|ARM.ActiveCfg = Release|Any CPU
		{97093746-B8AE-44D9-8951-066763F8CB1A}.AppStore|ARM.Build.0 = Release|Any CPU
		{97093746-B8AE-44D9-8951-066763F8CB1A}.AppStore|ARM.Deploy.0 = Release|Any CPU
		{97093746-B8AE-44D9-8951-066763F8CB1A}.AppStore|iPhone.ActiveCfg = Release|Any CPU
		{97093746-B8AE-44D9-8951-066763F8CB1A}.AppStore|iPhone.Build.0 = Release|Any CPU
		{97093746-B8AE-44D9-8951-066763F8CB1A}.AppStore|iPhone.Deploy.0 = Release|Any CPU
		{97093746-B8AE-44D9-8951-066763F8CB1A}.AppStore|iPhoneSimulator.ActiveCfg = Release|Any CPU
		{97093746-B8AE-44D9-8951-066763F8CB1A}.AppStore|iPhoneSimulator.Build.0 = Release|Any CPU
		{97093746-B8AE-44D9-8951-066763F8CB1A}.AppStore|iPhoneSimulator.Deploy.0 = Release|Any CPU
		{97093746-B8AE-44D9-8951-066763F8CB1A}.AppStore|x64.ActiveCfg = Release|Any CPU
		{97093746-B8AE-44D9-8951-066763F8CB1A}.AppStore|x64.Build.0 = Release|Any CPU
		{97093746-B8AE-44D9-8951-066763F8CB1A}.AppStore|x64.Deploy.0 = Release|Any CPU
		{97093746-B8AE-44D9-8951-066763F8CB1A}.AppStore|x86.ActiveCfg = Release|Any CPU
		{97093746-B8AE-44D9-8951-066763F8CB1A}.AppStore|x86.Build.0 = Release|Any CPU
		{97093746-B8AE-44D9-8951-066763F8CB1A}.AppStore|x86.Deploy.0 = Release|Any CPU
		{97093746-B8AE-44D9-8951-066763F8CB1A}.Debug|Any CPU.ActiveCfg = Debug|Any CPU
		{97093746-B8AE-44D9-8951-066763F8CB1A}.Debug|Any CPU.Build.0 = Debug|Any CPU
		{97093746-B8AE-44D9-8951-066763F8CB1A}.Debug|Any CPU.Deploy.0 = Debug|Any CPU
		{97093746-B8AE-44D9-8951-066763F8CB1A}.Debug|ARM.ActiveCfg = Debug|Any CPU
		{97093746-B8AE-44D9-8951-066763F8CB1A}.Debug|ARM.Build.0 = Debug|Any CPU
		{97093746-B8AE-44D9-8951-066763F8CB1A}.Debug|ARM.Deploy.0 = Debug|Any CPU
		{97093746-B8AE-44D9-8951-066763F8CB1A}.Debug|iPhone.ActiveCfg = Debug|Any CPU
		{97093746-B8AE-44D9-8951-066763F8CB1A}.Debug|iPhone.Build.0 = Debug|Any CPU
		{97093746-B8AE-44D9-8951-066763F8CB1A}.Debug|iPhone.Deploy.0 = Debug|Any CPU
		{97093746-B8AE-44D9-8951-066763F8CB1A}.Debug|iPhoneSimulator.ActiveCfg = Debug|Any CPU
		{97093746-B8AE-44D9-8951-066763F8CB1A}.Debug|iPhoneSimulator.Build.0 = Debug|Any CPU
		{97093746-B8AE-44D9-8951-066763F8CB1A}.Debug|iPhoneSimulator.Deploy.0 = Debug|Any CPU
		{97093746-B8AE-44D9-8951-066763F8CB1A}.Debug|x64.ActiveCfg = Debug|Any CPU
		{97093746-B8AE-44D9-8951-066763F8CB1A}.Debug|x64.Build.0 = Debug|Any CPU
		{97093746-B8AE-44D9-8951-066763F8CB1A}.Debug|x64.Deploy.0 = Debug|Any CPU
		{97093746-B8AE-44D9-8951-066763F8CB1A}.Debug|x86.ActiveCfg = Debug|Any CPU
		{97093746-B8AE-44D9-8951-066763F8CB1A}.Debug|x86.Build.0 = Debug|Any CPU
		{97093746-B8AE-44D9-8951-066763F8CB1A}.Debug|x86.Deploy.0 = Debug|Any CPU
		{97093746-B8AE-44D9-8951-066763F8CB1A}.Release|Any CPU.ActiveCfg = Release|Any CPU
		{97093746-B8AE-44D9-8951-066763F8CB1A}.Release|Any CPU.Build.0 = Release|Any CPU
		{97093746-B8AE-44D9-8951-066763F8CB1A}.Release|Any CPU.Deploy.0 = Release|Any CPU
		{97093746-B8AE-44D9-8951-066763F8CB1A}.Release|ARM.ActiveCfg = Release|Any CPU
		{97093746-B8AE-44D9-8951-066763F8CB1A}.Release|ARM.Build.0 = Release|Any CPU
		{97093746-B8AE-44D9-8951-066763F8CB1A}.Release|ARM.Deploy.0 = Release|Any CPU
		{97093746-B8AE-44D9-8951-066763F8CB1A}.Release|iPhone.ActiveCfg = Release|Any CPU
		{97093746-B8AE-44D9-8951-066763F8CB1A}.Release|iPhone.Build.0 = Release|Any CPU
		{97093746-B8AE-44D9-8951-066763F8CB1A}.Release|iPhone.Deploy.0 = Release|Any CPU
		{97093746-B8AE-44D9-8951-066763F8CB1A}.Release|iPhoneSimulator.ActiveCfg = Release|Any CPU
		{97093746-B8AE-44D9-8951-066763F8CB1A}.Release|iPhoneSimulator.Build.0 = Release|Any CPU
		{97093746-B8AE-44D9-8951-066763F8CB1A}.Release|iPhoneSimulator.Deploy.0 = Release|Any CPU
		{97093746-B8AE-44D9-8951-066763F8CB1A}.Release|x64.ActiveCfg = Release|Any CPU
		{97093746-B8AE-44D9-8951-066763F8CB1A}.Release|x64.Build.0 = Release|Any CPU
		{97093746-B8AE-44D9-8951-066763F8CB1A}.Release|x64.Deploy.0 = Release|Any CPU
		{97093746-B8AE-44D9-8951-066763F8CB1A}.Release|x86.ActiveCfg = Release|Any CPU
		{97093746-B8AE-44D9-8951-066763F8CB1A}.Release|x86.Build.0 = Release|Any CPU
		{97093746-B8AE-44D9-8951-066763F8CB1A}.Release|x86.Deploy.0 = Release|Any CPU
		{74C8795D-B69A-4644-8C25-6D4DFED62E32}.Ad-Hoc|Any CPU.ActiveCfg = Ad-Hoc|iPhone
		{74C8795D-B69A-4644-8C25-6D4DFED62E32}.Ad-Hoc|ARM.ActiveCfg = Ad-Hoc|iPhone
		{74C8795D-B69A-4644-8C25-6D4DFED62E32}.Ad-Hoc|iPhone.ActiveCfg = Ad-Hoc|iPhone
		{74C8795D-B69A-4644-8C25-6D4DFED62E32}.Ad-Hoc|iPhone.Build.0 = Ad-Hoc|iPhone
		{74C8795D-B69A-4644-8C25-6D4DFED62E32}.Ad-Hoc|iPhoneSimulator.ActiveCfg = Ad-Hoc|iPhoneSimulator
		{74C8795D-B69A-4644-8C25-6D4DFED62E32}.Ad-Hoc|iPhoneSimulator.Build.0 = Ad-Hoc|iPhoneSimulator
		{74C8795D-B69A-4644-8C25-6D4DFED62E32}.Ad-Hoc|x64.ActiveCfg = Ad-Hoc|iPhone
		{74C8795D-B69A-4644-8C25-6D4DFED62E32}.Ad-Hoc|x86.ActiveCfg = Ad-Hoc|iPhone
		{74C8795D-B69A-4644-8C25-6D4DFED62E32}.AppStore|Any CPU.ActiveCfg = AppStore|iPhone
		{74C8795D-B69A-4644-8C25-6D4DFED62E32}.AppStore|ARM.ActiveCfg = AppStore|iPhone
		{74C8795D-B69A-4644-8C25-6D4DFED62E32}.AppStore|iPhone.ActiveCfg = AppStore|iPhone
		{74C8795D-B69A-4644-8C25-6D4DFED62E32}.AppStore|iPhone.Build.0 = AppStore|iPhone
		{74C8795D-B69A-4644-8C25-6D4DFED62E32}.AppStore|iPhoneSimulator.ActiveCfg = AppStore|iPhoneSimulator
		{74C8795D-B69A-4644-8C25-6D4DFED62E32}.AppStore|iPhoneSimulator.Build.0 = AppStore|iPhoneSimulator
		{74C8795D-B69A-4644-8C25-6D4DFED62E32}.AppStore|x64.ActiveCfg = AppStore|iPhone
		{74C8795D-B69A-4644-8C25-6D4DFED62E32}.AppStore|x86.ActiveCfg = AppStore|iPhone
		{74C8795D-B69A-4644-8C25-6D4DFED62E32}.Debug|Any CPU.ActiveCfg = Debug|iPhone
		{74C8795D-B69A-4644-8C25-6D4DFED62E32}.Debug|ARM.ActiveCfg = Debug|iPhone
		{74C8795D-B69A-4644-8C25-6D4DFED62E32}.Debug|iPhone.ActiveCfg = Debug|iPhone
		{74C8795D-B69A-4644-8C25-6D4DFED62E32}.Debug|iPhone.Build.0 = Debug|iPhone
		{74C8795D-B69A-4644-8C25-6D4DFED62E32}.Debug|iPhoneSimulator.ActiveCfg = Debug|iPhoneSimulator
		{74C8795D-B69A-4644-8C25-6D4DFED62E32}.Debug|iPhoneSimulator.Build.0 = Debug|iPhoneSimulator
		{74C8795D-B69A-4644-8C25-6D4DFED62E32}.Debug|x64.ActiveCfg = Debug|iPhone
		{74C8795D-B69A-4644-8C25-6D4DFED62E32}.Debug|x86.ActiveCfg = Debug|iPhone
		{74C8795D-B69A-4644-8C25-6D4DFED62E32}.Release|Any CPU.ActiveCfg = Release|iPhone
		{74C8795D-B69A-4644-8C25-6D4DFED62E32}.Release|ARM.ActiveCfg = Release|iPhone
		{74C8795D-B69A-4644-8C25-6D4DFED62E32}.Release|iPhone.ActiveCfg = Release|iPhone
		{74C8795D-B69A-4644-8C25-6D4DFED62E32}.Release|iPhone.Build.0 = Release|iPhone
		{74C8795D-B69A-4644-8C25-6D4DFED62E32}.Release|iPhoneSimulator.ActiveCfg = Release|iPhoneSimulator
		{74C8795D-B69A-4644-8C25-6D4DFED62E32}.Release|iPhoneSimulator.Build.0 = Release|iPhoneSimulator
		{74C8795D-B69A-4644-8C25-6D4DFED62E32}.Release|x64.ActiveCfg = Release|iPhone
		{74C8795D-B69A-4644-8C25-6D4DFED62E32}.Release|x86.ActiveCfg = Release|iPhone
		{55B2CBB5-6698-4E9E-B98B-5E6FFE94DF93}.Ad-Hoc|Any CPU.ActiveCfg = Release|x86
		{55B2CBB5-6698-4E9E-B98B-5E6FFE94DF93}.Ad-Hoc|Any CPU.Build.0 = Release|x86
		{55B2CBB5-6698-4E9E-B98B-5E6FFE94DF93}.Ad-Hoc|Any CPU.Deploy.0 = Release|x86
		{55B2CBB5-6698-4E9E-B98B-5E6FFE94DF93}.Ad-Hoc|ARM.ActiveCfg = Release|ARM
		{55B2CBB5-6698-4E9E-B98B-5E6FFE94DF93}.Ad-Hoc|ARM.Build.0 = Release|ARM
		{55B2CBB5-6698-4E9E-B98B-5E6FFE94DF93}.Ad-Hoc|ARM.Deploy.0 = Release|ARM
		{55B2CBB5-6698-4E9E-B98B-5E6FFE94DF93}.Ad-Hoc|iPhone.ActiveCfg = Release|x86
		{55B2CBB5-6698-4E9E-B98B-5E6FFE94DF93}.Ad-Hoc|iPhone.Build.0 = Release|x86
		{55B2CBB5-6698-4E9E-B98B-5E6FFE94DF93}.Ad-Hoc|iPhone.Deploy.0 = Release|x86
		{55B2CBB5-6698-4E9E-B98B-5E6FFE94DF93}.Ad-Hoc|iPhoneSimulator.ActiveCfg = Release|x86
		{55B2CBB5-6698-4E9E-B98B-5E6FFE94DF93}.Ad-Hoc|iPhoneSimulator.Build.0 = Release|x86
		{55B2CBB5-6698-4E9E-B98B-5E6FFE94DF93}.Ad-Hoc|iPhoneSimulator.Deploy.0 = Release|x86
		{55B2CBB5-6698-4E9E-B98B-5E6FFE94DF93}.Ad-Hoc|x64.ActiveCfg = Release|x64
		{55B2CBB5-6698-4E9E-B98B-5E6FFE94DF93}.Ad-Hoc|x64.Build.0 = Release|x64
		{55B2CBB5-6698-4E9E-B98B-5E6FFE94DF93}.Ad-Hoc|x64.Deploy.0 = Release|x64
		{55B2CBB5-6698-4E9E-B98B-5E6FFE94DF93}.Ad-Hoc|x86.ActiveCfg = Release|x86
		{55B2CBB5-6698-4E9E-B98B-5E6FFE94DF93}.Ad-Hoc|x86.Build.0 = Release|x86
		{55B2CBB5-6698-4E9E-B98B-5E6FFE94DF93}.Ad-Hoc|x86.Deploy.0 = Release|x86
		{55B2CBB5-6698-4E9E-B98B-5E6FFE94DF93}.AppStore|Any CPU.ActiveCfg = Release|x86
		{55B2CBB5-6698-4E9E-B98B-5E6FFE94DF93}.AppStore|Any CPU.Build.0 = Release|x86
		{55B2CBB5-6698-4E9E-B98B-5E6FFE94DF93}.AppStore|Any CPU.Deploy.0 = Release|x86
		{55B2CBB5-6698-4E9E-B98B-5E6FFE94DF93}.AppStore|ARM.ActiveCfg = Release|ARM
		{55B2CBB5-6698-4E9E-B98B-5E6FFE94DF93}.AppStore|ARM.Build.0 = Release|ARM
		{55B2CBB5-6698-4E9E-B98B-5E6FFE94DF93}.AppStore|ARM.Deploy.0 = Release|ARM
		{55B2CBB5-6698-4E9E-B98B-5E6FFE94DF93}.AppStore|iPhone.ActiveCfg = Release|x86
		{55B2CBB5-6698-4E9E-B98B-5E6FFE94DF93}.AppStore|iPhone.Build.0 = Release|x86
		{55B2CBB5-6698-4E9E-B98B-5E6FFE94DF93}.AppStore|iPhone.Deploy.0 = Release|x86
		{55B2CBB5-6698-4E9E-B98B-5E6FFE94DF93}.AppStore|iPhoneSimulator.ActiveCfg = Release|x86
		{55B2CBB5-6698-4E9E-B98B-5E6FFE94DF93}.AppStore|iPhoneSimulator.Build.0 = Release|x86
		{55B2CBB5-6698-4E9E-B98B-5E6FFE94DF93}.AppStore|iPhoneSimulator.Deploy.0 = Release|x86
		{55B2CBB5-6698-4E9E-B98B-5E6FFE94DF93}.AppStore|x64.ActiveCfg = Release|x64
		{55B2CBB5-6698-4E9E-B98B-5E6FFE94DF93}.AppStore|x64.Build.0 = Release|x64
		{55B2CBB5-6698-4E9E-B98B-5E6FFE94DF93}.AppStore|x64.Deploy.0 = Release|x64
		{55B2CBB5-6698-4E9E-B98B-5E6FFE94DF93}.AppStore|x86.ActiveCfg = Release|x86
		{55B2CBB5-6698-4E9E-B98B-5E6FFE94DF93}.AppStore|x86.Build.0 = Release|x86
		{55B2CBB5-6698-4E9E-B98B-5E6FFE94DF93}.AppStore|x86.Deploy.0 = Release|x86
		{55B2CBB5-6698-4E9E-B98B-5E6FFE94DF93}.Debug|Any CPU.ActiveCfg = Debug|x86
		{55B2CBB5-6698-4E9E-B98B-5E6FFE94DF93}.Debug|ARM.ActiveCfg = Debug|ARM
		{55B2CBB5-6698-4E9E-B98B-5E6FFE94DF93}.Debug|ARM.Build.0 = Debug|ARM
		{55B2CBB5-6698-4E9E-B98B-5E6FFE94DF93}.Debug|ARM.Deploy.0 = Debug|ARM
		{55B2CBB5-6698-4E9E-B98B-5E6FFE94DF93}.Debug|iPhone.ActiveCfg = Debug|x86
		{55B2CBB5-6698-4E9E-B98B-5E6FFE94DF93}.Debug|iPhoneSimulator.ActiveCfg = Debug|x86
		{55B2CBB5-6698-4E9E-B98B-5E6FFE94DF93}.Debug|x64.ActiveCfg = Debug|x64
		{55B2CBB5-6698-4E9E-B98B-5E6FFE94DF93}.Debug|x64.Build.0 = Debug|x64
		{55B2CBB5-6698-4E9E-B98B-5E6FFE94DF93}.Debug|x64.Deploy.0 = Debug|x64
		{55B2CBB5-6698-4E9E-B98B-5E6FFE94DF93}.Debug|x86.ActiveCfg = Debug|x86
		{55B2CBB5-6698-4E9E-B98B-5E6FFE94DF93}.Debug|x86.Build.0 = Debug|x86
		{55B2CBB5-6698-4E9E-B98B-5E6FFE94DF93}.Debug|x86.Deploy.0 = Debug|x86
		{55B2CBB5-6698-4E9E-B98B-5E6FFE94DF93}.Release|Any CPU.ActiveCfg = Release|x86
		{55B2CBB5-6698-4E9E-B98B-5E6FFE94DF93}.Release|ARM.ActiveCfg = Release|ARM
		{55B2CBB5-6698-4E9E-B98B-5E6FFE94DF93}.Release|ARM.Build.0 = Release|ARM
		{55B2CBB5-6698-4E9E-B98B-5E6FFE94DF93}.Release|ARM.Deploy.0 = Release|ARM
		{55B2CBB5-6698-4E9E-B98B-5E6FFE94DF93}.Release|iPhone.ActiveCfg = Release|x86
		{55B2CBB5-6698-4E9E-B98B-5E6FFE94DF93}.Release|iPhoneSimulator.ActiveCfg = Release|x86
		{55B2CBB5-6698-4E9E-B98B-5E6FFE94DF93}.Release|x64.ActiveCfg = Release|x64
		{55B2CBB5-6698-4E9E-B98B-5E6FFE94DF93}.Release|x64.Build.0 = Release|x64
		{55B2CBB5-6698-4E9E-B98B-5E6FFE94DF93}.Release|x64.Deploy.0 = Release|x64
		{55B2CBB5-6698-4E9E-B98B-5E6FFE94DF93}.Release|x86.ActiveCfg = Release|x86
		{55B2CBB5-6698-4E9E-B98B-5E6FFE94DF93}.Release|x86.Build.0 = Release|x86
		{55B2CBB5-6698-4E9E-B98B-5E6FFE94DF93}.Release|x86.Deploy.0 = Release|x86
	EndGlobalSection
	GlobalSection(SolutionProperties) = preSolution
		HideSolutionNode = FALSE
	EndGlobalSection
EndGlobal
